
Microsoft Visual Studio Solution File, Format Version 11.00
# Visual Studio 2010
Project("{FAE04EC0-301F-11D3-BF4B-00C04F79EFBC}") = "Sample", "Sample\Sample.csproj", "{0A8A0C6C-2C4C-48E8-BB3F-6E8EFE744B88}"
EndProject
Global
	GlobalSection(SolutionConfigurationPlatforms) = preSolution
		Debug|Any CPU = Debug|Any CPU
		Release|Any CPU = Release|Any CPU
	EndGlobalSection
	GlobalSection(ProjectConfigurationPlatforms) = postSolution
		{0A8A0C6C-2C4C-48E8-BB3F-6E8EFE744B88}.Debug|Any CPU.ActiveCfg = Debug|Any CPU
		{0A8A0C6C-2C4C-48E8-BB3F-6E8EFE744B88}.Debug|Any CPU.Build.0 = Debug|Any CPU
		{0A8A0C6C-2C4C-48E8-BB3F-6E8EFE744B88}.Debug|Any CPU.Deploy.0 = Debug|Any CPU
		{0A8A0C6C-2C4C-48E8-BB3F-6E8EFE744B88}.Release|Any CPU.ActiveCfg = Release|Any CPU
		{0A8A0C6C-2C4C-48E8-BB3F-6E8EFE744B88}.Release|Any CPU.Build.0 = Release|Any CPU
		{0A8A0C6C-2C4C-48E8-BB3F-6E8EFE744B88}.Release|Any CPU.Deploy.0 = Release|Any CPU
	EndGlobalSection
	GlobalSection(SolutionProperties) = preSolution
		HideSolutionNode = FALSE
	EndGlobalSection
EndGlobal
